{
  "nodes": {
    "flake-compat": {
      "locked": {
        "lastModified": 1733328505,
        "narHash": "sha256-NeCCThCEP3eCl2l/+27kNNK7QrwZB1IJCrXfrbv5oqU=",
        "rev": "ff81ac966bb2cae68946d5ed5fc4994f96d0ffec",
        "revCount": 69,
        "type": "tarball",
        "url": "https://api.flakehub.com/f/pinned/edolstra/flake-compat/1.1.0/01948eb7-9cba-704f-bbf3-3fa956735b52/source.tar.gz"
      },
      "original": {
        "type": "tarball",
        "url": "https://flakehub.com/f/edolstra/flake-compat/1.tar.gz"
      }
    },
    "flake-compat_2": {
      "flake": false,
      "locked": {
        "lastModified": 1751685974,
        "narHash": "sha256-NKw96t+BgHIYzHUjkTK95FqYRVKB8DHpVhefWSz/kTw=",
        "ref": "refs/heads/main",
        "rev": "549f2762aebeff29a2e5ece7a7dc0f955281a1d1",
        "revCount": 92,
        "type": "git",
        "url": "https://git.lix.systems/lix-project/flake-compat.git"
      },
      "original": {
        "type": "git",
        "url": "https://git.lix.systems/lix-project/flake-compat.git"
      }
    },
    "flake-parts": {
      "inputs": {
        "nixpkgs-lib": "nixpkgs-lib"
      },
      "locked": {
        "lastModified": 1775087534,
        "narHash": "sha256-91qqW8lhL7TLwgQWijoGBbiD4t7/q75KTi8NxjVmSmA=",
        "owner": "hercules-ci",
        "repo": "flake-parts",
        "rev": "3107b77cd68437b9a76194f0f7f9c55f2329ca5b",
        "type": "github"
      },
      "original": {
        "owner": "hercules-ci",
        "repo": "flake-parts",
        "type": "github"
      }
    },
    "flake-parts_2": {
      "inputs": {
        "nixpkgs-lib": [
          "nixcraft",
          "nixpkgs"
        ]
      },
      "locked": {
        "lastModified": 1765835352,
        "narHash": "sha256-XswHlK/Qtjasvhd1nOa1e8MgZ8GS//jBoTqWtrS1Giw=",
        "owner": "hercules-ci",
        "repo": "flake-parts",
        "rev": "a34fae9c08a15ad73f295041fec82323541400a9",
        "type": "github"
      },
      "original": {
        "owner": "hercules-ci",
        "repo": "flake-parts",
        "type": "github"
      }
    },
    "flake-parts_3": {
      "inputs": {
        "nixpkgs-lib": [
          "nvf",
          "nixpkgs"
        ]
      },
      "locked": {
        "lastModified": 1769996383,
        "narHash": "sha256-AnYjnFWgS49RlqX7LrC4uA+sCCDBj0Ry/WOJ5XWAsa0=",
        "owner": "hercules-ci",
        "repo": "flake-parts",
        "rev": "57928607ea566b5db3ad13af0e57e921e6b12381",
        "type": "github"
      },
      "original": {
        "owner": "hercules-ci",
        "repo": "flake-parts",
        "type": "github"
      }
    },
    "home-manager": {
      "inputs": {
        "nixpkgs": [
          "nixpkgs"
        ]
      },
      "locked": {
        "lastModified": 1777434174,
        "narHash": "sha256-KwTyQ5g2qDhWIs/O6vH8HeF8n4JCzZIT/VYE7nYnukQ=",
        "owner": "nix-community",
        "repo": "home-manager",
        "rev": "d3b4e4b1bd59aedd3d4eb0a8df7162edb6da4607",
        "type": "github"
      },
      "original": {
        "owner": "nix-community",
        "repo": "home-manager",
        "type": "github"
      }
    },
    "mkdocs-catppuccin": {
      "flake": false,
      "locked": {
        "lastModified": 1767028711,
        "narHash": "sha256-YVIZAtQT2B4Xs2sBaszvyyukm+1klCJdRpsc/BYV1gw=",
        "owner": "ruslanlap",
        "repo": "mkdocs-catppuccin",
        "rev": "fd8ac6106b5b6d32922cd80cbc3d221622a17408",
        "type": "github"
      },
      "original": {
        "owner": "ruslanlap",
        "repo": "mkdocs-catppuccin",
        "type": "github"
      }
    },
    "mnw": {
      "locked": {
        "lastModified": 1770419553,
        "narHash": "sha256-b1XqsH7AtVf2dXmq2iyRr2NC1yG7skY7Z6N2MpWHlK4=",
        "owner": "Gerg-L",
        "repo": "mnw",
        "rev": "2aaffa8030d0b262176146adbb6b0e6374ce2957",
        "type": "github"
      },
      "original": {
        "owner": "Gerg-L",
        "repo": "mnw",
        "type": "github"
      }
    },
    "ndg": {
      "inputs": {
        "nixpkgs": [
          "nvf",
          "nixpkgs"
        ]
      },
      "locked": {
        "lastModified": 1776882296,
        "narHash": "sha256-DWZozXwMsgvUqfVlL1mQ8dOxW7GJ/8CdyaDN+1niZRg=",
        "owner": "feel-co",
        "repo": "ndg",
        "rev": "ab7d78d4884b3a34968cf9fa3d16c0c1246d5c6e",
        "type": "github"
      },
      "original": {
        "owner": "feel-co",
        "ref": "refs/tags/v2.6.0",
        "repo": "ndg",
        "type": "github"
      }
    },
    "nix-flatpak": {
      "locked": {
        "lastModified": 1737248014,
        "narHash": "sha256-F+47diPeEAitCXiWvmSFwYLAOOFl3OoNogrrAfQbX0s=",
        "owner": "gmodena",
        "repo": "nix-flatpak",
        "rev": "45c6959fdcc6b0423c0f52710288e96f60e972b4",
        "type": "github"
      },
      "original": {
        "owner": "gmodena",
        "ref": "offline-install-onactivation-1",
        "repo": "nix-flatpak",
        "type": "github"
      }
    },
    "nix-secrets": {
      "flake": false,
      "locked": {
        "lastModified": 1777616025,
        "narHash": "sha256-1cAH7TGJ1mO7JpmrrSeLWMtsQmt72SmbmdgVl8+IIgE=",
        "ref": "main",
        "rev": "e6c60f0ba938510fe0da8cfb2d246ce783b1a426",
        "shallow": true,
        "type": "git",
        "url": "ssh://git@github.com/kinestt/nix-secrets"
      },
      "original": {
        "ref": "main",
        "shallow": true,
        "type": "git",
        "url": "ssh://git@github.com/kinestt/nix-secrets"
      }
    },
    "nixcord": {
      "inputs": {
        "flake-compat": "flake-compat",
        "flake-parts": "flake-parts",
        "nixpkgs": "nixpkgs",
        "nixpkgs-nixcord": "nixpkgs-nixcord"
      },
      "locked": {
        "lastModified": 1777453119,
        "narHash": "sha256-eSFr37Oku9vMtg+ZvRk8wGC21cwbyOCWFRmllWe8xcc=",
        "owner": "FlameFlag",
        "repo": "nixcord",
        "rev": "cb4a9ffd528b3fc9ffa318313a25b973e425a39c",
        "type": "github"
      },
      "original": {
        "owner": "FlameFlag",
        "repo": "nixcord",
        "type": "github"
      }
    },
    "nixcraft": {
      "inputs": {
        "flake-parts": "flake-parts_2",
        "nixpkgs": [
          "nixpkgs"
        ]
      },
      "locked": {
        "lastModified": 1777428449,
        "narHash": "sha256-RXJWzYOycwAmHH/x+i6XmnKwVRk09a3J1e4wTap0Xpk=",
        "owner": "loystonpais",
        "repo": "nixcraft",
        "rev": "ccb0621ed7bcea586fcc2000f0a0998b5450cecc",
        "type": "github"
      },
      "original": {
        "owner": "loystonpais",
        "repo": "nixcraft",
        "type": "github"
      }
    },
    "nixflix": {
      "inputs": {
        "mkdocs-catppuccin": "mkdocs-catppuccin",
        "nixpkgs": [
          "nixpkgs"
        ],
        "treefmt-nix": "treefmt-nix",
        "vpn-confinement": "vpn-confinement"
      },
      "locked": {
        "lastModified": 1777433276,
        "narHash": "sha256-xnzjQpyQB0Uyq7IsfS/K/JMYh7YB3j3pn7862E1P/JA=",
        "owner": "kiriwalawren",
        "repo": "nixflix",
        "rev": "2cf95184a495b6b2cc039cc4db86ab32fb0e5d36",
        "type": "github"
      },
      "original": {
        "owner": "kiriwalawren",
        "repo": "nixflix",
        "type": "github"
      }
    },
    "nixpkgs": {
      "locked": {
        "lastModified": 1776734388,
        "narHash": "sha256-vl3dkhlE5gzsItuHoEMVe+DlonsK+0836LIRDnm6MXQ=",
        "owner": "NixOS",
        "repo": "nixpkgs",
        "rev": "10e7ad5bbcb421fe07e3a4ad53a634b0cd57ffac",
        "type": "github"
      },
      "original": {
        "owner": "NixOS",
        "ref": "nixos-25.11",
        "repo": "nixpkgs",
        "type": "github"
      }
    },
    "nixpkgs-lib": {
      "locked": {
        "lastModified": 1774748309,
        "narHash": "sha256-+U7gF3qxzwD5TZuANzZPeJTZRHS29OFQgkQ2kiTJBIQ=",
        "owner": "nix-community",
        "repo": "nixpkgs.lib",
        "rev": "333c4e0545a6da976206c74db8773a1645b5870a",
        "type": "github"
      },
      "original": {
        "owner": "nix-community",
        "repo": "nixpkgs.lib",
        "type": "github"
      }
    },
    "nixpkgs-nixcord": {
      "locked": {
        "lastModified": 1776734388,
        "narHash": "sha256-vl3dkhlE5gzsItuHoEMVe+DlonsK+0836LIRDnm6MXQ=",
        "owner": "NixOS",
        "repo": "nixpkgs",
        "rev": "10e7ad5bbcb421fe07e3a4ad53a634b0cd57ffac",
        "type": "github"
      },
      "original": {
        "owner": "NixOS",
        "ref": "nixos-25.11",
        "repo": "nixpkgs",
        "type": "github"
      }
    },
    "nixpkgs_2": {
      "locked": {
        "lastModified": 1777268161,
        "narHash": "sha256-bxrdOn8SCOv8tN4JbTF/TXq7kjo9ag4M+C8yzzIRYbE=",
        "owner": "nixos",
        "repo": "nixpkgs",
        "rev": "1c3fe55ad329cbcb28471bb30f05c9827f724c76",
        "type": "github"
      },
      "original": {
        "owner": "nixos",
        "ref": "nixos-unstable",
        "repo": "nixpkgs",
        "type": "github"
      }
    },
    "nvf": {
      "inputs": {
        "flake-compat": "flake-compat_2",
        "flake-parts": "flake-parts_3",
        "mnw": "mnw",
        "ndg": "ndg",
        "nixpkgs": [
          "nixpkgs"
        ],
        "systems": "systems"
      },
      "locked": {
        "lastModified": 1777150561,
        "narHash": "sha256-YLVqyn6LpFa+h697TmZIk0qVIbe7MxMpL8UTF4K+efA=",
        "owner": "NotAShelf",
        "repo": "nvf",
        "rev": "5b4f9c63205e5b0ef180a2b0e4cc844111f96fa6",
        "type": "github"
      },
      "original": {
        "owner": "NotAShelf",
        "repo": "nvf",
        "type": "github"
      }
    },
    "root": {
      "inputs": {
        "home-manager": "home-manager",
        "nix-flatpak": "nix-flatpak",
        "nix-secrets": "nix-secrets",
        "nixcord": "nixcord",
        "nixcraft": "nixcraft",
        "nixflix": "nixflix",
        "nixpkgs": "nixpkgs_2",
        "nvf": "nvf",
        "sops-nix": "sops-nix"
      }
    },
    "sops-nix": {
      "inputs": {
        "nixpkgs": [
          "nixpkgs"
        ]
      },
      "locked": {
        "lastModified": 1777338324,
        "narHash": "sha256-bc+ZZCmOTNq86/svGnw0tVpH7vJaLYvGLLKFYP08Q8E=",
        "owner": "Mic92",
        "repo": "sops-nix",
        "rev": "8eaee5c45428b28b8c47a83e4c09dccec5f279b5",
        "type": "github"
      },
      "original": {
        "owner": "Mic92",
        "repo": "sops-nix",
        "type": "github"
      }
    },
    "systems": {
      "locked": {
        "lastModified": 1681028828,
        "narHash": "sha256-Vy1rq5AaRuLzOxct8nz4T6wlgyUR7zLU309k9mBC768=",
        "owner": "nix-systems",
        "repo": "default",
        "rev": "da67096a3b9bf56a91d16901293e51ba5b49a27e",
        "type": "github"
      },
      "original": {
        "owner": "nix-systems",
        "repo": "default",
        "type": "github"
      }
    },
    "treefmt-nix": {
      "inputs": {
        "nixpkgs": [
          "nixflix",
          "nixpkgs"
        ]
      },
      "locked": {
        "lastModified": 1775636079,
        "narHash": "sha256-pc20NRoMdiar8oPQceQT47UUZMBTiMdUuWrYu2obUP0=",
        "owner": "numtide",
        "repo": "treefmt-nix",
        "rev": "790751ff7fd3801feeaf96d7dc416a8d581265ba",
        "type": "github"
      },
      "original": {
        "owner": "numtide",
        "repo": "treefmt-nix",
        "type": "github"
      }
    },
    "vpn-confinement": {
      "locked": {
        "lastModified": 1767604552,
        "narHash": "sha256-FddhMxnc99KYOZ/S3YNqtDSoxisIhVtJ7L4s8XD2u0A=",
        "owner": "Maroka-chan",
        "repo": "VPN-Confinement",
        "rev": "a6b2da727853886876fd1081d6bb2880752937f3",
        "type": "github"
      },
      "original": {
        "owner": "Maroka-chan",
        "repo": "VPN-Confinement",
        "type": "github"
      }
    }
  },
  "root": "root",
  "version": 7
}
